
Microsoft Visual Studio Solution File, Format Version 12.00
# Visual Studio 15
VisualStudioVersion = 15.0.27130.2010
MinimumVisualStudioVersion = 10.0.40219.1
Project("{FAE04EC0-301F-11D3-BF4B-00C04F79EFBC}") = "SlnGen.Xamarin", "SlnGen.Xamarin\SlnGen.Xamarin.csproj", "{7C14586F-1013-43F7-BD96-58BFDD16F2CB}"
EndProject
Project("{2150E333-8FDC-42A3-9474-1A3956D46DE8}") = "src", "src", "{EAFA05CE-FD94-4265-8A3E-8C1389E11C2C}"
EndProject
Project("{2150E333-8FDC-42A3-9474-1A3956D46DE8}") = "tests", "tests", "{A7EA67AD-5DBF-4B9B-ACA5-54F237AF2E0D}"
EndProject
Project("{2150E333-8FDC-42A3-9474-1A3956D46DE8}") = "demo", "demo", "{3E3F6DBF-D8E4-4BDE-9C99-CC12679B32FE}"
EndProject
Project("{2150E333-8FDC-42A3-9474-1A3956D46DE8}") = "Solution Items", "Solution Items", "{6789C98B-08B3-4B7E-BACD-CBD069E8151A}"
	ProjectSection(SolutionItems) = preProject
		..\appveyor.yml = ..\appveyor.yml
		..\README.md = ..\README.md
	EndProjectSection
EndProject
Project("{FAE04EC0-301F-11D3-BF4B-00C04F79EFBC}") = "SlnGen.Web", "SlnGen.Web\SlnGen.Web.csproj", "{4887664B-0CB3-4E32-9144-F654B4F5263E}"
EndProject
Project("{FAE04EC0-301F-11D3-BF4B-00C04F79EFBC}") = "SlnGen.Core", "SlnGen.Core\SlnGen.Core.csproj", "{254312C7-153D-474F-A145-3BD047140B50}"
EndProject
Project("{FAE04EC0-301F-11D3-BF4B-00C04F79EFBC}") = "SlnGen.Demo", "..\samples\SlnGen.Demo\SlnGen.Demo.csproj", "{DE89D716-812C-4185-A4BA-F75C0DB205BE}"
EndProject
Project("{FAE04EC0-301F-11D3-BF4B-00C04F79EFBC}") = "SlnGen.Core.Tests", "..\tests\SlnGen.Core.Tests\SlnGen.Core.Tests.csproj", "{201870E7-3691-466D-8BFB-073E2E945852}"
EndProject
Project("{FAE04EC0-301F-11D3-BF4B-00C04F79EFBC}") = "SlnGen.Web.Tests", "..\tests\SlnGen.Web.Tests\SlnGen.Web.Tests.csproj", "{57DA4BF5-07F4-410C-AA26-4BBAF1584AF7}"
EndProject
Project("{2150E333-8FDC-42A3-9474-1A3956D46DE8}") = "docs", "docs", "{94D167BA-FB6E-43DE-8F24-A7F07D581461}"
	ProjectSection(SolutionItems) = preProject
		..\docs\README.md = ..\docs\README.md
		..\docs\Requirements.md = ..\docs\Requirements.md
	EndProjectSection
EndProject
Project("{2150E333-8FDC-42A3-9474-1A3956D46DE8}") = "nuget", "nuget", "{04798899-0643-4B48-BC66-EDA576C4FFE3}"
EndProject
Project("{FAE04EC0-301F-11D3-BF4B-00C04F79EFBC}") = "SlnGen.Xamarin.Tests", "..\tests\SlnGen.Xamarin.Tests\SlnGen.Xamarin.Tests.csproj", "{D886E779-C274-45A1-B342-43E696E2A5B3}"
EndProject
Project("{FAE04EC0-301F-11D3-BF4B-00C04F79EFBC}") = "SlnGen.Xamarin.Demo", "..\samples\SlnGen.Xamarin.Demo\SlnGen.Xamarin.Demo.csproj", "{86A8308B-051F-4284-B668-02042F1D99D6}"
EndProject
Global
	GlobalSection(SolutionConfigurationPlatforms) = preSolution
		Debug|Any CPU = Debug|Any CPU
		Release|Any CPU = Release|Any CPU
	EndGlobalSection
	GlobalSection(ProjectConfigurationPlatforms) = postSolution
		{7C14586F-1013-43F7-BD96-58BFDD16F2CB}.Debug|Any CPU.ActiveCfg = Debug|Any CPU
		{7C14586F-1013-43F7-BD96-58BFDD16F2CB}.Debug|Any CPU.Build.0 = Debug|Any CPU
		{7C14586F-1013-43F7-BD96-58BFDD16F2CB}.Release|Any CPU.ActiveCfg = Release|Any CPU
		{7C14586F-1013-43F7-BD96-58BFDD16F2CB}.Release|Any CPU.Build.0 = Release|Any CPU
		{4887664B-0CB3-4E32-9144-F654B4F5263E}.Debug|Any CPU.ActiveCfg = Debug|Any CPU
		{4887664B-0CB3-4E32-9144-F654B4F5263E}.Debug|Any CPU.Build.0 = Debug|Any CPU
		{4887664B-0CB3-4E32-9144-F654B4F5263E}.Release|Any CPU.ActiveCfg = Release|Any CPU
		{4887664B-0CB3-4E32-9144-F654B4F5263E}.Release|Any CPU.Build.0 = Release|Any CPU
		{254312C7-153D-474F-A145-3BD047140B50}.Debug|Any CPU.ActiveCfg = Debug|Any CPU
		{254312C7-153D-474F-A145-3BD047140B50}.Debug|Any CPU.Build.0 = Debug|Any CPU
		{254312C7-153D-474F-A145-3BD047140B50}.Release|Any CPU.ActiveCfg = Release|Any CPU
		{254312C7-153D-474F-A145-3BD047140B50}.Release|Any CPU.Build.0 = Release|Any CPU
		{DE89D716-812C-4185-A4BA-F75C0DB205BE}.Debug|Any CPU.ActiveCfg = Debug|Any CPU
		{DE89D716-812C-4185-A4BA-F75C0DB205BE}.Debug|Any CPU.Build.0 = Debug|Any CPU
		{DE89D716-812C-4185-A4BA-F75C0DB205BE}.Release|Any CPU.ActiveCfg = Release|Any CPU
		{DE89D716-812C-4185-A4BA-F75C0DB205BE}.Release|Any CPU.Build.0 = Release|Any CPU
		{201870E7-3691-466D-8BFB-073E2E945852}.Debug|Any CPU.ActiveCfg = Debug|Any CPU
		{201870E7-3691-466D-8BFB-073E2E945852}.Debug|Any CPU.Build.0 = Debug|Any CPU
		{201870E7-3691-466D-8BFB-073E2E945852}.Release|Any CPU.ActiveCfg = Release|Any CPU
		{201870E7-3691-466D-8BFB-073E2E945852}.Release|Any CPU.Build.0 = Release|Any CPU
		{57DA4BF5-07F4-410C-AA26-4BBAF1584AF7}.Debug|Any CPU.ActiveCfg = Debug|Any CPU
		{57DA4BF5-07F4-410C-AA26-4BBAF1584AF7}.Debug|Any CPU.Build.0 = Debug|Any CPU
		{57DA4BF5-07F4-410C-AA26-4BBAF1584AF7}.Release|Any CPU.ActiveCfg = Release|Any CPU
		{57DA4BF5-07F4-410C-AA26-4BBAF1584AF7}.Release|Any CPU.Build.0 = Release|Any CPU
		{D886E779-C274-45A1-B342-43E696E2A5B3}.Debug|Any CPU.ActiveCfg = Debug|Any CPU
		{D886E779-C274-45A1-B342-43E696E2A5B3}.Debug|Any CPU.Build.0 = Debug|Any CPU
		{D886E779-C274-45A1-B342-43E696E2A5B3}.Release|Any CPU.ActiveCfg = Release|Any CPU
		{D886E779-C274-45A1-B342-43E696E2A5B3}.Release|Any CPU.Build.0 = Release|Any CPU
		{86A8308B-051F-4284-B668-02042F1D99D6}.Debug|Any CPU.ActiveCfg = Debug|Any CPU
		{86A8308B-051F-4284-B668-02042F1D99D6}.Debug|Any CPU.Build.0 = Debug|Any CPU
		{86A8308B-051F-4284-B668-02042F1D99D6}.Release|Any CPU.ActiveCfg = Release|Any CPU
		{86A8308B-051F-4284-B668-02042F1D99D6}.Release|Any CPU.Build.0 = Release|Any CPU
	EndGlobalSection
	GlobalSection(SolutionProperties) = preSolution
		HideSolutionNode = FALSE
	EndGlobalSection
	GlobalSection(NestedProjects) = preSolution
		{7C14586F-1013-43F7-BD96-58BFDD16F2CB} = {EAFA05CE-FD94-4265-8A3E-8C1389E11C2C}
		{4887664B-0CB3-4E32-9144-F654B4F5263E} = {EAFA05CE-FD94-4265-8A3E-8C1389E11C2C}
		{254312C7-153D-474F-A145-3BD047140B50} = {EAFA05CE-FD94-4265-8A3E-8C1389E11C2C}
		{DE89D716-812C-4185-A4BA-F75C0DB205BE} = {3E3F6DBF-D8E4-4BDE-9C99-CC12679B32FE}
		{201870E7-3691-466D-8BFB-073E2E945852} = {A7EA67AD-5DBF-4B9B-ACA5-54F237AF2E0D}
		{57DA4BF5-07F4-410C-AA26-4BBAF1584AF7} = {A7EA67AD-5DBF-4B9B-ACA5-54F237AF2E0D}
		{D886E779-C274-45A1-B342-43E696E2A5B3} = {A7EA67AD-5DBF-4B9B-ACA5-54F237AF2E0D}
		{86A8308B-051F-4284-B668-02042F1D99D6} = {3E3F6DBF-D8E4-4BDE-9C99-CC12679B32FE}
	EndGlobalSection
	GlobalSection(ExtensibilityGlobals) = postSolution
		SolutionGuid = {20E98A8A-A233-4384-884E-4CCF368E5B9A}
	EndGlobalSection
EndGlobal
